
Microsoft Visual Studio Solution File, Format Version 12.00
# Visual Studio Version 17
VisualStudioVersion = 17.9.34723.18
MinimumVisualStudioVersion = 10.0.40219.1
Project("{9A19103F-16F7-4668-BE54-9A1E7A4F7556}") = "ConsoleApp1", "ConsoleApp1\ConsoleApp1.csproj", "{C12EA7FC-2E22-4413-8005-DB6B58D0A8FA}"
EndProject
Project("{9A19103F-16F7-4668-BE54-9A1E7A4F7556}") = "ConsoleApp2", "ConsoleApp2\ConsoleApp2.csproj", "{3877520C-11F4-40F8-9B3C-73A37CDE83D1}"
EndProject
Project("{9A19103F-16F7-4668-BE54-9A1E7A4F7556}") = "ProblemaGrupal", "ProblemaGrupal\ProblemaGrupal.csproj", "{FADC7F91-9D7A-4B93-A4DA-C6FB44DC80A4}"
EndProject
Project("{9A19103F-16F7-4668-BE54-9A1E7A4F7556}") = "LanzamientoDeDados", "LanzamientoDeDados\LanzamientoDeDados.csproj", "{DF308A0C-7FBD-40F6-83D3-665032E3E336}"
EndProject
Project("{FAE04EC0-301F-11D3-BF4B-00C04F79EFBC}") = "ApuestaDeDados", "ConsoleApp3\ApuestaDeDados.csproj", "{E3920185-B1ED-4018-87AB-70F6E433E132}"
EndProject
Project("{FAE04EC0-301F-11D3-BF4B-00C04F79EFBC}") = "ConsoleApp4", "ConsoleApp4\ConsoleApp4.csproj", "{E6D7C46D-593C-40B0-BC96-FC7BFB2439DA}"
EndProject
Global
	GlobalSection(SolutionConfigurationPlatforms) = preSolution
		Debug|Any CPU = Debug|Any CPU
		Release|Any CPU = Release|Any CPU
	EndGlobalSection
	GlobalSection(ProjectConfigurationPlatforms) = postSolution
		{C12EA7FC-2E22-4413-8005-DB6B58D0A8FA}.Debug|Any CPU.ActiveCfg = Debug|Any CPU
		{C12EA7FC-2E22-4413-8005-DB6B58D0A8FA}.Debug|Any CPU.Build.0 = Debug|Any CPU
		{C12EA7FC-2E22-4413-8005-DB6B58D0A8FA}.Release|Any CPU.ActiveCfg = Release|Any CPU
		{C12EA7FC-2E22-4413-8005-DB6B58D0A8FA}.Release|Any CPU.Build.0 = Release|Any CPU
		{3877520C-11F4-40F8-9B3C-73A37CDE83D1}.Debug|Any CPU.ActiveCfg = Debug|Any CPU
		{3877520C-11F4-40F8-9B3C-73A37CDE83D1}.Debug|Any CPU.Build.0 = Debug|Any CPU
		{3877520C-11F4-40F8-9B3C-73A37CDE83D1}.Release|Any CPU.ActiveCfg = Release|Any CPU
		{3877520C-11F4-40F8-9B3C-73A37CDE83D1}.Release|Any CPU.Build.0 = Release|Any CPU
		{FADC7F91-9D7A-4B93-A4DA-C6FB44DC80A4}.Debug|Any CPU.ActiveCfg = Debug|Any CPU
		{FADC7F91-9D7A-4B93-A4DA-C6FB44DC80A4}.Debug|Any CPU.Build.0 = Debug|Any CPU
		{FADC7F91-9D7A-4B93-A4DA-C6FB44DC80A4}.Release|Any CPU.ActiveCfg = Release|Any CPU
		{FADC7F91-9D7A-4B93-A4DA-C6FB44DC80A4}.Release|Any CPU.Build.0 = Release|Any CPU
		{DF308A0C-7FBD-40F6-83D3-665032E3E336}.Debug|Any CPU.ActiveCfg = Debug|Any CPU
		{DF308A0C-7FBD-40F6-83D3-665032E3E336}.Debug|Any CPU.Build.0 = Debug|Any CPU
		{DF308A0C-7FBD-40F6-83D3-665032E3E336}.Release|Any CPU.ActiveCfg = Release|Any CPU
		{DF308A0C-7FBD-40F6-83D3-665032E3E336}.Release|Any CPU.Build.0 = Release|Any CPU
		{E3920185-B1ED-4018-87AB-70F6E433E132}.Debug|Any CPU.ActiveCfg = Debug|Any CPU
		{E3920185-B1ED-4018-87AB-70F6E433E132}.Debug|Any CPU.Build.0 = Debug|Any CPU
		{E3920185-B1ED-4018-87AB-70F6E433E132}.Release|Any CPU.ActiveCfg = Release|Any CPU
		{E3920185-B1ED-4018-87AB-70F6E433E132}.Release|Any CPU.Build.0 = Release|Any CPU
		{E6D7C46D-593C-40B0-BC96-FC7BFB2439DA}.Debug|Any CPU.ActiveCfg = Debug|Any CPU
		{E6D7C46D-593C-40B0-BC96-FC7BFB2439DA}.Debug|Any CPU.Build.0 = Debug|Any CPU
		{E6D7C46D-593C-40B0-BC96-FC7BFB2439DA}.Release|Any CPU.ActiveCfg = Release|Any CPU
		{E6D7C46D-593C-40B0-BC96-FC7BFB2439DA}.Release|Any CPU.Build.0 = Release|Any CPU
	EndGlobalSection
	GlobalSection(SolutionProperties) = preSolution
		HideSolutionNode = FALSE
	EndGlobalSection
	GlobalSection(ExtensibilityGlobals) = postSolution
		SolutionGuid = {ACA6D9C9-6D56-42B5-94EF-3D8580ACA04C}
	EndGlobalSection
EndGlobal
