
Microsoft Visual Studio Solution File, Format Version 12.00
# Visual Studio Version 17
VisualStudioVersion = 17.9.34723.18
MinimumVisualStudioVersion = 10.0.40219.1
Project("{FAE04EC0-301F-11D3-BF4B-00C04F79EFBC}") = "Serialización", "Serialización\Serialización.csproj", "{DDE3E744-6491-496F-B956-D8B30B3F1A1E}"
EndProject
Global
	GlobalSection(SolutionConfigurationPlatforms) = preSolution
		Debug|Any CPU = Debug|Any CPU
		Release|Any CPU = Release|Any CPU
	EndGlobalSection
	GlobalSection(ProjectConfigurationPlatforms) = postSolution
		{DDE3E744-6491-496F-B956-D8B30B3F1A1E}.Debug|Any CPU.ActiveCfg = Debug|Any CPU
		{DDE3E744-6491-496F-B956-D8B30B3F1A1E}.Debug|Any CPU.Build.0 = Debug|Any CPU
		{DDE3E744-6491-496F-B956-D8B30B3F1A1E}.Release|Any CPU.ActiveCfg = Release|Any CPU
		{DDE3E744-6491-496F-B956-D8B30B3F1A1E}.Release|Any CPU.Build.0 = Release|Any CPU
	EndGlobalSection
	GlobalSection(SolutionProperties) = preSolution
		HideSolutionNode = FALSE
	EndGlobalSection
	GlobalSection(ExtensibilityGlobals) = postSolution
		SolutionGuid = {EDD5FFFB-4FA0-43DE-9DD8-E41D105E981D}
	EndGlobalSection
EndGlobal
