
Microsoft Visual Studio Solution File, Format Version 12.00
# Visual Studio Version 17
VisualStudioVersion = 17.9.34723.18
MinimumVisualStudioVersion = 10.0.40219.1
Project("{FAE04EC0-301F-11D3-BF4B-00C04F79EFBC}") = "AplicaciónDeWinForms", "AplicaciónDeWinForms\AplicaciónDeWinForms.csproj", "{FF52679C-73AD-421F-AFA7-A1653FF39798}"
EndProject
Global
	GlobalSection(SolutionConfigurationPlatforms) = preSolution
		Debug|Any CPU = Debug|Any CPU
		Release|Any CPU = Release|Any CPU
	EndGlobalSection
	GlobalSection(ProjectConfigurationPlatforms) = postSolution
		{FF52679C-73AD-421F-AFA7-A1653FF39798}.Debug|Any CPU.ActiveCfg = Debug|Any CPU
		{FF52679C-73AD-421F-AFA7-A1653FF39798}.Debug|Any CPU.Build.0 = Debug|Any CPU
		{FF52679C-73AD-421F-AFA7-A1653FF39798}.Release|Any CPU.ActiveCfg = Release|Any CPU
		{FF52679C-73AD-421F-AFA7-A1653FF39798}.Release|Any CPU.Build.0 = Release|Any CPU
	EndGlobalSection
	GlobalSection(SolutionProperties) = preSolution
		HideSolutionNode = FALSE
	EndGlobalSection
	GlobalSection(ExtensibilityGlobals) = postSolution
		SolutionGuid = {230A61A7-F9EF-4D27-8020-F6D627A1C786}
	EndGlobalSection
EndGlobal
