
Microsoft Visual Studio Solution File, Format Version 12.00
# Visual Studio Version 17
VisualStudioVersion = 17.9.34723.18
MinimumVisualStudioVersion = 10.0.40219.1
Project("{FAE04EC0-301F-11D3-BF4B-00C04F79EFBC}") = "Notas", "Notas\Notas.csproj", "{8B8FF0EE-F934-4341-885A-0746A568D0A6}"
EndProject
Global
	GlobalSection(SolutionConfigurationPlatforms) = preSolution
		Debug|Any CPU = Debug|Any CPU
		Release|Any CPU = Release|Any CPU
	EndGlobalSection
	GlobalSection(ProjectConfigurationPlatforms) = postSolution
		{8B8FF0EE-F934-4341-885A-0746A568D0A6}.Debug|Any CPU.ActiveCfg = Debug|Any CPU
		{8B8FF0EE-F934-4341-885A-0746A568D0A6}.Debug|Any CPU.Build.0 = Debug|Any CPU
		{8B8FF0EE-F934-4341-885A-0746A568D0A6}.Release|Any CPU.ActiveCfg = Release|Any CPU
		{8B8FF0EE-F934-4341-885A-0746A568D0A6}.Release|Any CPU.Build.0 = Release|Any CPU
	EndGlobalSection
	GlobalSection(SolutionProperties) = preSolution
		HideSolutionNode = FALSE
	EndGlobalSection
	GlobalSection(ExtensibilityGlobals) = postSolution
		SolutionGuid = {ADD6F745-8E10-4812-BD44-FB21F0851A86}
	EndGlobalSection
EndGlobal
